
Microsoft Visual Studio Solution File, Format Version 12.00
# Visual Studio Version 17
VisualStudioVersion = 17.11.35222.181
MinimumVisualStudioVersion = 10.0.40219.1
Project("{FAE04EC0-301F-11D3-BF4B-00C04F79EFBC}") = "Ch19Ex01", "Ch19Ex01\Ch19Ex01.csproj", "{CF0355E2-822E-48CB-867F-60F3BF18F886}"
EndProject
Global
	GlobalSection(SolutionConfigurationPlatforms) = preSolution
		Debug|Any CPU = Debug|Any CPU
		Release|Any CPU = Release|Any CPU
	EndGlobalSection
	GlobalSection(ProjectConfigurationPlatforms) = postSolution
		{CF0355E2-822E-48CB-867F-60F3BF18F886}.Debug|Any CPU.ActiveCfg = Debug|Any CPU
		{CF0355E2-822E-48CB-867F-60F3BF18F886}.Debug|Any CPU.Build.0 = Debug|Any CPU
		{CF0355E2-822E-48CB-867F-60F3BF18F886}.Release|Any CPU.ActiveCfg = Release|Any CPU
		{CF0355E2-822E-48CB-867F-60F3BF18F886}.Release|Any CPU.Build.0 = Release|Any CPU
	EndGlobalSection
	GlobalSection(SolutionProperties) = preSolution
		HideSolutionNode = FALSE
	EndGlobalSection
	GlobalSection(ExtensibilityGlobals) = postSolution
		SolutionGuid = {83DC96D0-855D-4AF4-B527-3A50EEA61428}
	EndGlobalSection
EndGlobal
