
Microsoft Visual Studio Solution File, Format Version 12.00
# Visual Studio Version 17
VisualStudioVersion = 17.2.32616.157
MinimumVisualStudioVersion = 10.0.40219.1
Project("{FAE04EC0-301F-11D3-BF4B-00C04F79EFBC}") = "Ch06Ex03", "Ch06Ex03\Ch06Ex03.csproj", "{C34DC89A-CDF0-4D53-A600-2A19E8856595}"
EndProject
Global
	GlobalSection(SolutionConfigurationPlatforms) = preSolution
		Debug|Any CPU = Debug|Any CPU
		Release|Any CPU = Release|Any CPU
	EndGlobalSection
	GlobalSection(ProjectConfigurationPlatforms) = postSolution
		{C34DC89A-CDF0-4D53-A600-2A19E8856595}.Debug|Any CPU.ActiveCfg = Debug|Any CPU
		{C34DC89A-CDF0-4D53-A600-2A19E8856595}.Debug|Any CPU.Build.0 = Debug|Any CPU
		{C34DC89A-CDF0-4D53-A600-2A19E8856595}.Release|Any CPU.ActiveCfg = Release|Any CPU
		{C34DC89A-CDF0-4D53-A600-2A19E8856595}.Release|Any CPU.Build.0 = Release|Any CPU
	EndGlobalSection
	GlobalSection(SolutionProperties) = preSolution
		HideSolutionNode = FALSE
	EndGlobalSection
	GlobalSection(ExtensibilityGlobals) = postSolution
		SolutionGuid = {823B739B-518C-4B1F-808E-641176B42132}
	EndGlobalSection
EndGlobal
