
Microsoft Visual Studio Solution File, Format Version 12.00
# Visual Studio Version 17
VisualStudioVersion = 17.2.32616.157
MinimumVisualStudioVersion = 10.0.40219.1
Project("{FAE04EC0-301F-11D3-BF4B-00C04F79EFBC}") = "Ch07ExExtra7.4", "Ch07ExExtra7.4\Ch07ExExtra7.4.csproj", "{A52DC901-8CC6-4CA2-BC0C-022A39E711AD}"
EndProject
Global
	GlobalSection(SolutionConfigurationPlatforms) = preSolution
		Debug|Any CPU = Debug|Any CPU
		Release|Any CPU = Release|Any CPU
	EndGlobalSection
	GlobalSection(ProjectConfigurationPlatforms) = postSolution
		{A52DC901-8CC6-4CA2-BC0C-022A39E711AD}.Debug|Any CPU.ActiveCfg = Debug|Any CPU
		{A52DC901-8CC6-4CA2-BC0C-022A39E711AD}.Debug|Any CPU.Build.0 = Debug|Any CPU
		{A52DC901-8CC6-4CA2-BC0C-022A39E711AD}.Release|Any CPU.ActiveCfg = Release|Any CPU
		{A52DC901-8CC6-4CA2-BC0C-022A39E711AD}.Release|Any CPU.Build.0 = Release|Any CPU
	EndGlobalSection
	GlobalSection(SolutionProperties) = preSolution
		HideSolutionNode = FALSE
	EndGlobalSection
	GlobalSection(ExtensibilityGlobals) = postSolution
		SolutionGuid = {D3402C14-3291-4E26-A250-E425507AAA7D}
	EndGlobalSection
EndGlobal
