
Microsoft Visual Studio Solution File, Format Version 12.00
# Visual Studio Version 17
VisualStudioVersion = 17.2.32616.157
MinimumVisualStudioVersion = 10.0.40219.1
Project("{FAE04EC0-301F-11D3-BF4B-00C04F79EFBC}") = "Ch11Ex05", "Ch11Ex05\Ch11Ex05.csproj", "{9BE721B2-EF65-48FC-9547-F141DACBE801}"
EndProject
Global
	GlobalSection(SolutionConfigurationPlatforms) = preSolution
		Debug|Any CPU = Debug|Any CPU
		Release|Any CPU = Release|Any CPU
	EndGlobalSection
	GlobalSection(ProjectConfigurationPlatforms) = postSolution
		{9BE721B2-EF65-48FC-9547-F141DACBE801}.Debug|Any CPU.ActiveCfg = Debug|Any CPU
		{9BE721B2-EF65-48FC-9547-F141DACBE801}.Debug|Any CPU.Build.0 = Debug|Any CPU
		{9BE721B2-EF65-48FC-9547-F141DACBE801}.Release|Any CPU.ActiveCfg = Release|Any CPU
		{9BE721B2-EF65-48FC-9547-F141DACBE801}.Release|Any CPU.Build.0 = Release|Any CPU
	EndGlobalSection
	GlobalSection(SolutionProperties) = preSolution
		HideSolutionNode = FALSE
	EndGlobalSection
	GlobalSection(ExtensibilityGlobals) = postSolution
		SolutionGuid = {14B30E40-ED86-468D-ABF9-E92B8E817771}
	EndGlobalSection
EndGlobal
