
Microsoft Visual Studio Solution File, Format Version 12.00
# Visual Studio Version 17
VisualStudioVersion = 17.1.32228.430
MinimumVisualStudioVersion = 10.0.40219.1
Project("{FAE04EC0-301F-11D3-BF4B-00C04F79EFBC}") = "Ch05Ex06", "Ch05Ex06\Ch05Ex06.csproj", "{BAD5B254-863B-442E-94C8-7F8994787E29}"
EndProject
Global
	GlobalSection(SolutionConfigurationPlatforms) = preSolution
		Debug|Any CPU = Debug|Any CPU
		Release|Any CPU = Release|Any CPU
	EndGlobalSection
	GlobalSection(ProjectConfigurationPlatforms) = postSolution
		{BAD5B254-863B-442E-94C8-7F8994787E29}.Debug|Any CPU.ActiveCfg = Debug|Any CPU
		{BAD5B254-863B-442E-94C8-7F8994787E29}.Debug|Any CPU.Build.0 = Debug|Any CPU
		{BAD5B254-863B-442E-94C8-7F8994787E29}.Release|Any CPU.ActiveCfg = Release|Any CPU
		{BAD5B254-863B-442E-94C8-7F8994787E29}.Release|Any CPU.Build.0 = Release|Any CPU
	EndGlobalSection
	GlobalSection(SolutionProperties) = preSolution
		HideSolutionNode = FALSE
	EndGlobalSection
	GlobalSection(ExtensibilityGlobals) = postSolution
		SolutionGuid = {50E2A1BA-C19B-4D9D-820E-ECB70BB7B5FC}
	EndGlobalSection
EndGlobal
