
Microsoft Visual Studio Solution File, Format Version 12.00
# Visual Studio Version 17
VisualStudioVersion = 17.11.35222.181
MinimumVisualStudioVersion = 10.0.40219.1
Project("{9A19103F-16F7-4668-BE54-9A1E7A4F7556}") = "BenCards.WPF", "BenCards.WPF\BenCards.WPF.csproj", "{B8113C6D-322C-4690-AE45-DD5C578BD854}"
EndProject
Project("{9A19103F-16F7-4668-BE54-9A1E7A4F7556}") = "Ch13CardLib", "..\..\Chapter13\Ch13CardLib\Ch13CardLib\Ch13CardLib.csproj", "{D1B4440B-3475-4CB0-A723-C989A0661E3A}"
EndProject
Global
	GlobalSection(SolutionConfigurationPlatforms) = preSolution
		Debug|Any CPU = Debug|Any CPU
		Release|Any CPU = Release|Any CPU
	EndGlobalSection
	GlobalSection(ProjectConfigurationPlatforms) = postSolution
		{B8113C6D-322C-4690-AE45-DD5C578BD854}.Debug|Any CPU.ActiveCfg = Debug|Any CPU
		{B8113C6D-322C-4690-AE45-DD5C578BD854}.Debug|Any CPU.Build.0 = Debug|Any CPU
		{B8113C6D-322C-4690-AE45-DD5C578BD854}.Release|Any CPU.ActiveCfg = Release|Any CPU
		{B8113C6D-322C-4690-AE45-DD5C578BD854}.Release|Any CPU.Build.0 = Release|Any CPU
		{D1B4440B-3475-4CB0-A723-C989A0661E3A}.Debug|Any CPU.ActiveCfg = Debug|Any CPU
		{D1B4440B-3475-4CB0-A723-C989A0661E3A}.Debug|Any CPU.Build.0 = Debug|Any CPU
		{D1B4440B-3475-4CB0-A723-C989A0661E3A}.Release|Any CPU.ActiveCfg = Release|Any CPU
		{D1B4440B-3475-4CB0-A723-C989A0661E3A}.Release|Any CPU.Build.0 = Release|Any CPU
	EndGlobalSection
	GlobalSection(SolutionProperties) = preSolution
		HideSolutionNode = FALSE
	EndGlobalSection
	GlobalSection(ExtensibilityGlobals) = postSolution
		SolutionGuid = {DFF899BF-662C-40D0-A38E-CCA85FEB4ED3}
	EndGlobalSection
EndGlobal
