
Microsoft Visual Studio Solution File, Format Version 12.00
# Visual Studio Version 17
VisualStudioVersion = 17.3.32811.315
MinimumVisualStudioVersion = 10.0.40219.1
Project("{FAE04EC0-301F-11D3-BF4B-00C04F79EFBC}") = "Ch13Ex04", "Ch13Ex04\Ch13Ex04.csproj", "{9B460CBB-EDC2-4499-80E4-9BCC4D47153F}"
EndProject
Global
	GlobalSection(SolutionConfigurationPlatforms) = preSolution
		Debug|Any CPU = Debug|Any CPU
		Release|Any CPU = Release|Any CPU
	EndGlobalSection
	GlobalSection(ProjectConfigurationPlatforms) = postSolution
		{9B460CBB-EDC2-4499-80E4-9BCC4D47153F}.Debug|Any CPU.ActiveCfg = Debug|Any CPU
		{9B460CBB-EDC2-4499-80E4-9BCC4D47153F}.Debug|Any CPU.Build.0 = Debug|Any CPU
		{9B460CBB-EDC2-4499-80E4-9BCC4D47153F}.Release|Any CPU.ActiveCfg = Release|Any CPU
		{9B460CBB-EDC2-4499-80E4-9BCC4D47153F}.Release|Any CPU.Build.0 = Release|Any CPU
	EndGlobalSection
	GlobalSection(SolutionProperties) = preSolution
		HideSolutionNode = FALSE
	EndGlobalSection
	GlobalSection(ExtensibilityGlobals) = postSolution
		SolutionGuid = {8011BAAB-EBA7-4571-B0B0-7C5984F263E2}
	EndGlobalSection
EndGlobal
