
Microsoft Visual Studio Solution File, Format Version 12.00
# Visual Studio Version 17
VisualStudioVersion = 17.2.32616.157
MinimumVisualStudioVersion = 10.0.40219.1
Project("{FAE04EC0-301F-11D3-BF4B-00C04F79EFBC}") = "Ch06ExExtra6.3", "Ch06ExExtra6.3\Ch06ExExtra6.3.csproj", "{870EBAB5-B45D-42E2-92A2-AAA4DBB0F7B9}"
EndProject
Global
	GlobalSection(SolutionConfigurationPlatforms) = preSolution
		Debug|Any CPU = Debug|Any CPU
		Release|Any CPU = Release|Any CPU
	EndGlobalSection
	GlobalSection(ProjectConfigurationPlatforms) = postSolution
		{870EBAB5-B45D-42E2-92A2-AAA4DBB0F7B9}.Debug|Any CPU.ActiveCfg = Debug|Any CPU
		{870EBAB5-B45D-42E2-92A2-AAA4DBB0F7B9}.Debug|Any CPU.Build.0 = Debug|Any CPU
		{870EBAB5-B45D-42E2-92A2-AAA4DBB0F7B9}.Release|Any CPU.ActiveCfg = Release|Any CPU
		{870EBAB5-B45D-42E2-92A2-AAA4DBB0F7B9}.Release|Any CPU.Build.0 = Release|Any CPU
	EndGlobalSection
	GlobalSection(SolutionProperties) = preSolution
		HideSolutionNode = FALSE
	EndGlobalSection
	GlobalSection(ExtensibilityGlobals) = postSolution
		SolutionGuid = {6F597467-3834-487C-B097-ED6BFABC7942}
	EndGlobalSection
EndGlobal
