
Microsoft Visual Studio Solution File, Format Version 12.00
# Visual Studio Version 16
VisualStudioVersion = 16.0.33801.447
MinimumVisualStudioVersion = 10.0.40219.1
Project("{FAE04EC0-301F-11D3-BF4B-00C04F79EFBC}") = "Ch20Ex01", "Ch20Ex01\Ch20Ex01.csproj", "{C95A06C2-E3EA-4693-827D-BB7B2F44B1CD}"
EndProject
Global
	GlobalSection(SolutionConfigurationPlatforms) = preSolution
		Debug|Any CPU = Debug|Any CPU
		Release|Any CPU = Release|Any CPU
	EndGlobalSection
	GlobalSection(ProjectConfigurationPlatforms) = postSolution
		{C95A06C2-E3EA-4693-827D-BB7B2F44B1CD}.Debug|Any CPU.ActiveCfg = Debug|Any CPU
		{C95A06C2-E3EA-4693-827D-BB7B2F44B1CD}.Debug|Any CPU.Build.0 = Debug|Any CPU
		{C95A06C2-E3EA-4693-827D-BB7B2F44B1CD}.Release|Any CPU.ActiveCfg = Release|Any CPU
		{C95A06C2-E3EA-4693-827D-BB7B2F44B1CD}.Release|Any CPU.Build.0 = Release|Any CPU
	EndGlobalSection
	GlobalSection(SolutionProperties) = preSolution
		HideSolutionNode = FALSE
	EndGlobalSection
	GlobalSection(ExtensibilityGlobals) = postSolution
		SolutionGuid = {1125025D-D8D9-4F88-99AE-28AA7B234D0B}
	EndGlobalSection
EndGlobal
