
Microsoft Visual Studio Solution File, Format Version 12.00
# Visual Studio Version 17
VisualStudioVersion = 17.1.32210.238
MinimumVisualStudioVersion = 10.0.40219.1
Project("{FAE04EC0-301F-11D3-BF4B-00C04F79EFBC}") = "Ch04Ex04", "Ch04Ex04\Ch04Ex04.csproj", "{706B83AA-5092-4A9E-AB11-9CEE73B78A5B}"
EndProject
Global
	GlobalSection(SolutionConfigurationPlatforms) = preSolution
		Debug|Any CPU = Debug|Any CPU
		Release|Any CPU = Release|Any CPU
	EndGlobalSection
	GlobalSection(ProjectConfigurationPlatforms) = postSolution
		{706B83AA-5092-4A9E-AB11-9CEE73B78A5B}.Debug|Any CPU.ActiveCfg = Debug|Any CPU
		{706B83AA-5092-4A9E-AB11-9CEE73B78A5B}.Debug|Any CPU.Build.0 = Debug|Any CPU
		{706B83AA-5092-4A9E-AB11-9CEE73B78A5B}.Release|Any CPU.ActiveCfg = Release|Any CPU
		{706B83AA-5092-4A9E-AB11-9CEE73B78A5B}.Release|Any CPU.Build.0 = Release|Any CPU
	EndGlobalSection
	GlobalSection(SolutionProperties) = preSolution
		HideSolutionNode = FALSE
	EndGlobalSection
	GlobalSection(ExtensibilityGlobals) = postSolution
		SolutionGuid = {7CF88634-E4B8-4B55-A325-47A3D64D6D51}
	EndGlobalSection
EndGlobal
