
Microsoft Visual Studio Solution File, Format Version 12.00
# Visual Studio Version 17
VisualStudioVersion = 17.2.32616.157
MinimumVisualStudioVersion = 10.0.40219.1
Project("{FAE04EC0-301F-11D3-BF4B-00C04F79EFBC}") = "Ch09Ex02", "Ch09Ex02\Ch09Ex02.csproj", "{BF5B35E0-F656-4573-B2C0-080C9443390C}"
EndProject
Global
	GlobalSection(SolutionConfigurationPlatforms) = preSolution
		Debug|Any CPU = Debug|Any CPU
		Release|Any CPU = Release|Any CPU
	EndGlobalSection
	GlobalSection(ProjectConfigurationPlatforms) = postSolution
		{BF5B35E0-F656-4573-B2C0-080C9443390C}.Debug|Any CPU.ActiveCfg = Debug|Any CPU
		{BF5B35E0-F656-4573-B2C0-080C9443390C}.Debug|Any CPU.Build.0 = Debug|Any CPU
		{BF5B35E0-F656-4573-B2C0-080C9443390C}.Release|Any CPU.ActiveCfg = Release|Any CPU
		{BF5B35E0-F656-4573-B2C0-080C9443390C}.Release|Any CPU.Build.0 = Release|Any CPU
	EndGlobalSection
	GlobalSection(SolutionProperties) = preSolution
		HideSolutionNode = FALSE
	EndGlobalSection
	GlobalSection(ExtensibilityGlobals) = postSolution
		SolutionGuid = {7C2CC878-87C3-4D7E-BDA3-AD498A61CAFB}
	EndGlobalSection
EndGlobal
