
Microsoft Visual Studio Solution File, Format Version 12.00
# Visual Studio Version 17
VisualStudioVersion = 17.3.32811.315
MinimumVisualStudioVersion = 10.0.40219.1
Project("{FAE04EC0-301F-11D3-BF4B-00C04F79EFBC}") = "Ch13Ex05", "Ch13Ex05\Ch13Ex05.csproj", "{AD028DA4-BE8C-4AEC-8C20-10F67EB714C4}"
EndProject
Global
	GlobalSection(SolutionConfigurationPlatforms) = preSolution
		Debug|Any CPU = Debug|Any CPU
		Release|Any CPU = Release|Any CPU
	EndGlobalSection
	GlobalSection(ProjectConfigurationPlatforms) = postSolution
		{AD028DA4-BE8C-4AEC-8C20-10F67EB714C4}.Debug|Any CPU.ActiveCfg = Debug|Any CPU
		{AD028DA4-BE8C-4AEC-8C20-10F67EB714C4}.Debug|Any CPU.Build.0 = Debug|Any CPU
		{AD028DA4-BE8C-4AEC-8C20-10F67EB714C4}.Release|Any CPU.ActiveCfg = Release|Any CPU
		{AD028DA4-BE8C-4AEC-8C20-10F67EB714C4}.Release|Any CPU.Build.0 = Release|Any CPU
	EndGlobalSection
	GlobalSection(SolutionProperties) = preSolution
		HideSolutionNode = FALSE
	EndGlobalSection
	GlobalSection(ExtensibilityGlobals) = postSolution
		SolutionGuid = {B992D390-E9A1-4949-907D-3F22F23C81EC}
	EndGlobalSection
EndGlobal
