
Microsoft Visual Studio Solution File, Format Version 12.00
# Visual Studio Version 17
VisualStudioVersion = 17.3.32811.315
MinimumVisualStudioVersion = 10.0.40219.1
Project("{FAE04EC0-301F-11D3-BF4B-00C04F79EFBC}") = "Ch13Ex06", "Ch13Ex06\Ch13Ex06.csproj", "{AE125320-0267-4108-B9C3-E100C6108987}"
EndProject
Global
	GlobalSection(SolutionConfigurationPlatforms) = preSolution
		Debug|Any CPU = Debug|Any CPU
		Release|Any CPU = Release|Any CPU
	EndGlobalSection
	GlobalSection(ProjectConfigurationPlatforms) = postSolution
		{AE125320-0267-4108-B9C3-E100C6108987}.Debug|Any CPU.ActiveCfg = Debug|Any CPU
		{AE125320-0267-4108-B9C3-E100C6108987}.Debug|Any CPU.Build.0 = Debug|Any CPU
		{AE125320-0267-4108-B9C3-E100C6108987}.Release|Any CPU.ActiveCfg = Release|Any CPU
		{AE125320-0267-4108-B9C3-E100C6108987}.Release|Any CPU.Build.0 = Release|Any CPU
	EndGlobalSection
	GlobalSection(SolutionProperties) = preSolution
		HideSolutionNode = FALSE
	EndGlobalSection
	GlobalSection(ExtensibilityGlobals) = postSolution
		SolutionGuid = {2592A476-D03A-4D90-820D-2422FA4ED203}
	EndGlobalSection
EndGlobal
